lockfileVersion: '6.0'

settings:
  autoInstallPeers: true
  excludeLinksFromLockfile: false

dependencies:
  ace-builds:
    specifier: '*'
    version: 1.30.0
  resize-observer-polyfill:
    specifier: ^1.5.1
    version: 1.5.1
  vue:
    specifier: ^3
    version: 3.3.5(typescript@5.2.2)

devDependencies:
  typescript:
    specifier: ^5.2.2
    version: 5.2.2

packages:

  /@babel/helper-string-parser@7.22.5:
    resolution: {integrity: sha512-mM4COjgZox8U+JcXQwPijIZLElkgEpO5rsERVDJTc2qfCDfERyob6k5WegS14SX18IIjv+XD+GrqNumY5JRCDw==}
    engines: {node: '>=6.9.0'}
    dev: false

  /@babel/helper-validator-identifier@7.22.20:
    resolution: {integrity: sha512-Y4OZ+ytlatR8AI+8KZfKuL5urKp7qey08ha31L8b3BwewJAoJamTzyvxPR/5D+KkdJCGPq/+8TukHBlY10FX9A==}
    engines: {node: '>=6.9.0'}
    dev: false

  /@babel/parser@7.23.0:
    resolution: {integrity: sha512-vvPKKdMemU85V9WE/l5wZEmImpCtLqbnTvqDS2U1fJ96KrxoW7KrXhNsNCblQlg8Ck4b85yxdTyelsMUgFUXiw==}
    engines: {node: '>=6.0.0'}
    hasBin: true
    dependencies:
      '@babel/types': 7.23.0
    dev: false

  /@babel/types@7.23.0:
    resolution: {integrity: sha512-0oIyUfKoI3mSqMvsxBdclDwxXKXAUA8v/apZbc+iSyARYou1o8ZGDxbUYyLFoW2arqS2jDGqJuZvv1d/io1axg==}
    engines: {node: '>=6.9.0'}
    dependencies:
      '@babel/helper-string-parser': 7.22.5
      '@babel/helper-validator-identifier': 7.22.20
      to-fast-properties: 2.0.0
    dev: false

  /@jridgewell/sourcemap-codec@1.4.15:
    resolution: {integrity: sha512-eF2rxCRulEKXHTRiDrDy6erMYWqNw4LPdQ8UQA4huuxaQsVeRPFl2oM8oDGxMFhJUWZf9McpLtJasDDZb/Bpeg==}
    dev: false

  /@vue/compiler-core@3.3.5:
    resolution: {integrity: sha512-S8Ma+eICI40Y4UotR+iKR729Bma+wERn/xLc+Jz203s5WIW1Sx3qoiONqXGg3Q4vBMa+QHDncULya19ZSJuhog==}
    dependencies:
      '@babel/parser': 7.23.0
      '@vue/shared': 3.3.5
      estree-walker: 2.0.2
      source-map-js: 1.0.2
    dev: false

  /@vue/compiler-dom@3.3.5:
    resolution: {integrity: sha512-dxt6QntN9T/NtnV6Pz+/nmcoo3ULnsYCnRpvEyY73wbk1tzzx7dnwngUN1cXkyGNu9c3UE7llhq/5T54lKwyhQ==}
    dependencies:
      '@vue/compiler-core': 3.3.5
      '@vue/shared': 3.3.5
    dev: false

  /@vue/compiler-sfc@3.3.5:
    resolution: {integrity: sha512-M6ys4iReSbrF4NTcMCnJiBioCpzXjfkfXwkdziknRyps+pG0DkwpDfQT7zQ0q91/rCR/Ejz64b5H6C4HBhX41w==}
    dependencies:
      '@babel/parser': 7.23.0
      '@vue/compiler-core': 3.3.5
      '@vue/compiler-dom': 3.3.5
      '@vue/compiler-ssr': 3.3.5
      '@vue/reactivity-transform': 3.3.5
      '@vue/shared': 3.3.5
      estree-walker: 2.0.2
      magic-string: 0.30.5
      postcss: 8.4.31
      source-map-js: 1.0.2
    dev: false

  /@vue/compiler-ssr@3.3.5:
    resolution: {integrity: sha512-v7p2XuEpOcgjd6c49NqOnq3UTJOv5Uo9tirOyGnEadwxTov2O1J3/TUt4SgAAnwA+9gcUyH5c3lIOFsBe+UIyw==}
    dependencies:
      '@vue/compiler-dom': 3.3.5
      '@vue/shared': 3.3.5
    dev: false

  /@vue/reactivity-transform@3.3.5:
    resolution: {integrity: sha512-OhpBD1H32pIapRzqy31hWwTFLf9STP+0uk5bVOQWXACTa2Rt/RPhvX4zixbPgMGo6iP+S+tFpZzUdcG8AASn8A==}
    dependencies:
      '@babel/parser': 7.23.0
      '@vue/compiler-core': 3.3.5
      '@vue/shared': 3.3.5
      estree-walker: 2.0.2
      magic-string: 0.30.5
    dev: false

  /@vue/reactivity@3.3.5:
    resolution: {integrity: sha512-P7OBfPjsbV5lDCwZQDtWFqPh3uAP3Q6bRqYVgsYr6ki7jiaiHGSLmeaevUi+Nkev8nhublUpApnWevNiACN3sw==}
    dependencies:
      '@vue/shared': 3.3.5
    dev: false

  /@vue/runtime-core@3.3.5:
    resolution: {integrity: sha512-kxAW3fTzwzZQqiHV1SndTtLMlNfJ/bsvcYku6NDuPzTeG6sMOAIXvuz6N5NUox+P7sNCInESbSOrPMMvtWx3vA==}
    dependencies:
      '@vue/reactivity': 3.3.5
      '@vue/shared': 3.3.5
    dev: false

  /@vue/runtime-dom@3.3.5:
    resolution: {integrity: sha512-seYSeHmBNlTrR0eFyQFocEBtzljNlKzC2JfdebfBqoEmikyNYzLWTouv71DignLFXEXZKWNTqCIs4d7dk5Q3Ng==}
    dependencies:
      '@vue/runtime-core': 3.3.5
      '@vue/shared': 3.3.5
      csstype: 3.1.2
    dev: false

  /@vue/server-renderer@3.3.5(vue@3.3.5):
    resolution: {integrity: sha512-7VIZkohYn8GAnNT9chrm0vDpHJ6mWPL+TmUBKtDWcWxYcq33YJP/VHCPQN5TazkxXCtv3c1KfXAMZowX4giLoQ==}
    peerDependencies:
      vue: 3.3.5
    dependencies:
      '@vue/compiler-ssr': 3.3.5
      '@vue/shared': 3.3.5
      vue: 3.3.5(typescript@5.2.2)
    dev: false

  /@vue/shared@3.3.5:
    resolution: {integrity: sha512-oNJN1rCtkqm1cIxU1BuZVEVRWIp4DhaxXucEzzZ/iDKHP71ZxhkBPNK+URySiECH6aiOZzC60PS2bd6JFznvNA==}
    dev: false

  /ace-builds@1.30.0:
    resolution: {integrity: sha512-ZC+G1ozrrVCVL/KPkeU9R7TEwYeNJUYRrjnEvNhF8r2+WR2tkcCjmduL8M6D3abIdf/16ccEXHtpoRBhAnTyCw==}
    dev: false

  /csstype@3.1.2:
    resolution: {integrity: sha512-I7K1Uu0MBPzaFKg4nI5Q7Vs2t+3gWWW648spaF+Rg7pI9ds18Ugn+lvg4SHczUdKlHI5LWBXyqfS8+DufyBsgQ==}
    dev: false

  /estree-walker@2.0.2:
    resolution: {integrity: sha512-Rfkk/Mp/DL7JVje3u18FxFujQlTNR2q6QfMSMB7AvCBx91NGj/ba3kCfza0f6dVDbw7YlRf/nDrn7pQrCCyQ/w==}
    dev: false

  /magic-string@0.30.5:
    resolution: {integrity: sha512-7xlpfBaQaP/T6Vh8MO/EqXSW5En6INHEvEXQiuff7Gku0PWjU3uf6w/j9o7O+SpB5fOAkrI5HeoNgwjEO0pFsA==}
    engines: {node: '>=12'}
    dependencies:
      '@jridgewell/sourcemap-codec': 1.4.15
    dev: false

  /nanoid@3.3.6:
    resolution: {integrity: sha512-BGcqMMJuToF7i1rt+2PWSNVnWIkGCU78jBG3RxO/bZlnZPK2Cmi2QaffxGO/2RvWi9sL+FAiRiXMgsyxQ1DIDA==}
    engines: {node: ^10 || ^12 || ^13.7 || ^14 || >=15.0.1}
    hasBin: true
    dev: false

  /picocolors@1.0.0:
    resolution: {integrity: sha512-1fygroTLlHu66zi26VoTDv8yRgm0Fccecssto+MhsZ0D/DGW2sm8E8AjW7NU5VVTRt5GxbeZ5qBuJr+HyLYkjQ==}
    dev: false

  /postcss@8.4.31:
    resolution: {integrity: sha512-PS08Iboia9mts/2ygV3eLpY5ghnUcfLV/EXTOW1E2qYxJKGGBUtNjN76FYHnMs36RmARn41bC0AZmn+rR0OVpQ==}
    engines: {node: ^10 || ^12 || >=14}
    dependencies:
      nanoid: 3.3.6
      picocolors: 1.0.0
      source-map-js: 1.0.2
    dev: false

  /resize-observer-polyfill@1.5.1:
    resolution: {integrity: sha512-LwZrotdHOo12nQuZlHEmtuXdqGoOD0OhaxopaNFxWzInpEgaLWoVuAMbTzixuosCx2nEG58ngzW3vxdWoxIgdg==}
    dev: false

  /source-map-js@1.0.2:
    resolution: {integrity: sha512-R0XvVJ9WusLiqTCEiGCmICCMplcCkIwwR11mOSD9CR5u+IXYdiseeEuXCVAjS54zqwkLcPNnmU4OeJ6tUrWhDw==}
    engines: {node: '>=0.10.0'}
    dev: false

  /to-fast-properties@2.0.0:
    resolution: {integrity: sha512-/OaKK0xYrs3DmxRYqL/yDc+FxFUVYhDlXMhRmv3z915w2HF1tnN1omB354j8VUGO/hbRzyD6Y3sA7v7GS/ceog==}
    engines: {node: '>=4'}
    dev: false

  /typescript@5.2.2:
    resolution: {integrity: sha512-mI4WrpHsbCIcwT9cF4FZvr80QUeKvsUsUvKDoR+X/7XHQH98xYD8YHZg7ANtz2GtZt/CBq2QJ0thkGJMHfqc1w==}
    engines: {node: '>=14.17'}
    hasBin: true

  /vue@3.3.5(typescript@5.2.2):
    resolution: {integrity: sha512-xYpLEGb25yYU1ul9ZhCcavNZ4YW6PS7YTDdDAd0yc/3w69Tra2BwY4EpKguKddfD56QApXQ17XHq+fJJwEP+UQ==}
    peerDependencies:
      typescript: '*'
    peerDependenciesMeta:
      typescript:
        optional: true
    dependencies:
      '@vue/compiler-dom': 3.3.5
      '@vue/compiler-sfc': 3.3.5
      '@vue/runtime-dom': 3.3.5
      '@vue/server-renderer': 3.3.5(vue@3.3.5)
      '@vue/shared': 3.3.5
      typescript: 5.2.2
    dev: false
