# THIS IS AN AUTOGENERATED FILE. DO NOT EDIT THIS FILE DIRECTLY.
# yarn lockfile v1


"@babel/helper-validator-identifier@^7.10.4":
  version "7.10.4"
  resolved "https://registry.npm.taobao.org/@babel/helper-validator-identifier/download/@babel/helper-validator-identifier-7.10.4.tgz#a78c7a7251e01f616512d31b10adcf52ada5e0d2"
  integrity sha1-p4x6clHgH2FlEtMbEK3PUq2l4NI=

"@babel/parser@^7.10.4":
  version "7.11.5"
  resolved "https://registry.npm.taobao.org/@babel/parser/download/@babel/parser-7.11.5.tgz?cache=0&sync_timestamp=1598904268134&other_urls=https%3A%2F%2Fregistry.npm.taobao.org%2F%40babel%2Fparser%2Fdownload%2F%40babel%2Fparser-7.11.5.tgz#c7ff6303df71080ec7a4f5b8c003c58f1cf51037"
  integrity sha1-x/9jA99xCA7HpPW4wAPFjxz1EDc=

"@babel/types@^7.10.4":
  version "7.11.5"
  resolved "https://registry.npm.taobao.org/@babel/types/download/@babel/types-7.11.5.tgz?cache=0&sync_timestamp=1598904272861&other_urls=https%3A%2F%2Fregistry.npm.taobao.org%2F%40babel%2Ftypes%2Fdownload%2F%40babel%2Ftypes-7.11.5.tgz#d9de577d01252d77c6800cee039ee64faf75662d"
  integrity sha1-2d5XfQElLXfGgAzuA57mT691Zi0=
  dependencies:
    "@babel/helper-validator-identifier" "^7.10.4"
    lodash "^4.17.19"
    to-fast-properties "^2.0.0"

"@vue/compiler-core@3.0.0-rc.10":
  version "3.0.0-rc.10"
  resolved "https://registry.npm.taobao.org/@vue/compiler-core/download/@vue/compiler-core-3.0.0-rc.10.tgz?cache=0&sync_timestamp=1599065111625&other_urls=https%3A%2F%2Fregistry.npm.taobao.org%2F%40vue%2Fcompiler-core%2Fdownload%2F%40vue%2Fcompiler-core-3.0.0-rc.10.tgz#a76f713fb0462429ec0ec10a472fff1f539c5772"
  integrity sha1-p29xP7BGJCnsDsEKRy//H1OcV3I=
  dependencies:
    "@babel/parser" "^7.10.4"
    "@babel/types" "^7.10.4"
    "@vue/shared" "3.0.0-rc.10"
    estree-walker "^2.0.1"
    source-map "^0.6.1"

"@vue/compiler-dom@3.0.0-rc.10":
  version "3.0.0-rc.10"
  resolved "https://registry.npm.taobao.org/@vue/compiler-dom/download/@vue/compiler-dom-3.0.0-rc.10.tgz?cache=0&sync_timestamp=1599065111635&other_urls=https%3A%2F%2Fregistry.npm.taobao.org%2F%40vue%2Fcompiler-dom%2Fdownload%2F%40vue%2Fcompiler-dom-3.0.0-rc.10.tgz#dd1380d1ee61170de76f9eb91e0d8ac7985f0ae0"
  integrity sha1-3ROA0e5hFw3nb565Hg2Kx5hfCuA=
  dependencies:
    "@vue/compiler-core" "3.0.0-rc.10"
    "@vue/shared" "3.0.0-rc.10"

"@vue/reactivity@3.0.0-rc.10":
  version "3.0.0-rc.10"
  resolved "https://registry.npm.taobao.org/@vue/reactivity/download/@vue/reactivity-3.0.0-rc.10.tgz?cache=0&sync_timestamp=1599065204064&other_urls=https%3A%2F%2Fregistry.npm.taobao.org%2F%40vue%2Freactivity%2Fdownload%2F%40vue%2Freactivity-3.0.0-rc.10.tgz#34d5f51bcc5a7c36e27d7a9c1bd7a3d25ffa7c56"
  integrity sha1-NNX1G8xafDbifXqcG9ej0l/6fFY=
  dependencies:
    "@vue/shared" "3.0.0-rc.10"

"@vue/runtime-core@3.0.0-rc.10":
  version "3.0.0-rc.10"
  resolved "https://registry.npm.taobao.org/@vue/runtime-core/download/@vue/runtime-core-3.0.0-rc.10.tgz?cache=0&sync_timestamp=1599065204365&other_urls=https%3A%2F%2Fregistry.npm.taobao.org%2F%40vue%2Fruntime-core%2Fdownload%2F%40vue%2Fruntime-core-3.0.0-rc.10.tgz#9055aef5113cbc328aaec29760c2151e0ed3cf40"
  integrity sha1-kFWu9RE8vDKKrsKXYMIVHg7Tz0A=
  dependencies:
    "@vue/reactivity" "3.0.0-rc.10"
    "@vue/shared" "3.0.0-rc.10"

"@vue/runtime-dom@3.0.0-rc.10":
  version "3.0.0-rc.10"
  resolved "https://registry.npm.taobao.org/@vue/runtime-dom/download/@vue/runtime-dom-3.0.0-rc.10.tgz?cache=0&sync_timestamp=1599065204677&other_urls=https%3A%2F%2Fregistry.npm.taobao.org%2F%40vue%2Fruntime-dom%2Fdownload%2F%40vue%2Fruntime-dom-3.0.0-rc.10.tgz#50f95cb991483a4262163723320967ad17bb321f"
  integrity sha1-UPlcuZFIOkJiFjcjMglnrRe7Mh8=
  dependencies:
    "@vue/runtime-core" "3.0.0-rc.10"
    "@vue/shared" "3.0.0-rc.10"
    csstype "^2.6.8"

"@vue/shared@3.0.0-rc.10":
  version "3.0.0-rc.10"
  resolved "https://registry.npm.taobao.org/@vue/shared/download/@vue/shared-3.0.0-rc.10.tgz?cache=0&sync_timestamp=1599065113122&other_urls=https%3A%2F%2Fregistry.npm.taobao.org%2F%40vue%2Fshared%2Fdownload%2F%40vue%2Fshared-3.0.0-rc.10.tgz#e7ab62abcabbfc738545902b96a3aa78f59f3286"
  integrity sha1-56tiq8q7/HOFRZArlqOqePWfMoY=

ace-builds@^1.4.12:
  version "1.4.12"
  resolved "https://registry.npm.taobao.org/ace-builds/download/ace-builds-1.4.12.tgz#888efa386e36f4345f40b5233fcc4fe4c588fae7"
  integrity sha1-iI76OG429DRfQLUjP8xP5MWI+uc=

csstype@^2.6.8:
  version "2.6.13"
  resolved "https://registry.npm.taobao.org/csstype/download/csstype-2.6.13.tgz?cache=0&sync_timestamp=1598348215201&other_urls=https%3A%2F%2Fregistry.npm.taobao.org%2Fcsstype%2Fdownload%2Fcsstype-2.6.13.tgz#a6893015b90e84dd6e85d0e3b442a1e84f2dbe0f"
  integrity sha1-pokwFbkOhN1uhdDjtEKh6E8tvg8=

estree-walker@^2.0.1:
  version "2.0.1"
  resolved "https://registry.npm.taobao.org/estree-walker/download/estree-walker-2.0.1.tgz#f8e030fb21cefa183b44b7ad516b747434e7a3e0"
  integrity sha1-+OAw+yHO+hg7RLetUWt0dDTno+A=

lodash@^4.17.19:
  version "4.17.20"
  resolved "https://registry.npm.taobao.org/lodash/download/lodash-4.17.20.tgz?cache=0&sync_timestamp=1597336053864&other_urls=https%3A%2F%2Fregistry.npm.taobao.org%2Flodash%2Fdownload%2Flodash-4.17.20.tgz#b44a9b6297bcb698f1c51a3545a2b3b368d59c52"
  integrity sha1-tEqbYpe8tpjxxRo1RaKzs2jVnFI=

resize-observer-polyfill@^1.5.1:
  version "1.5.1"
  resolved "https://registry.npm.taobao.org/resize-observer-polyfill/download/resize-observer-polyfill-1.5.1.tgz#0e9020dd3d21024458d4ebd27e23e40269810464"
  integrity sha1-DpAg3T0hAkRY1OvSfiPkAmmBBGQ=

source-map@^0.6.1:
  version "0.6.1"
  resolved "https://registry.npm.taobao.org/source-map/download/source-map-0.6.1.tgz#74722af32e9614e9c287a8d0bbde48b5e2f1a263"
  integrity sha1-dHIq8y6WFOnCh6jQu95IteLxomM=

to-fast-properties@^2.0.0:
  version "2.0.0"
  resolved "https://registry.npm.taobao.org/to-fast-properties/download/to-fast-properties-2.0.0.tgz#dc5e698cbd079265bc73e0377681a4e4e83f616e"
  integrity sha1-3F5pjL0HkmW8c+A3doGk5Og/YW4=

typescript@^4.0.2:
  version "4.0.2"
  resolved "https://registry.npm.taobao.org/typescript/download/typescript-4.0.2.tgz?cache=0&sync_timestamp=1599635785127&other_urls=https%3A%2F%2Fregistry.npm.taobao.org%2Ftypescript%2Fdownload%2Ftypescript-4.0.2.tgz#7ea7c88777c723c681e33bf7988be5d008d05ac2"
  integrity sha1-fqfIh3fHI8aB4zv3mIvl0AjQWsI=

vue@^3.0.0-rc.10:
  version "3.0.0-rc.10"
  resolved "https://registry.npm.taobao.org/vue/download/vue-3.0.0-rc.10.tgz#31298a757b4fad6ee8973d0fa27c4fde8574bd01"
  integrity sha1-MSmKdXtPrW7olz0PonxP3oV0vQE=
  dependencies:
    "@vue/compiler-dom" "3.0.0-rc.10"
    "@vue/runtime-dom" "3.0.0-rc.10"
    "@vue/shared" "3.0.0-rc.10"
